// !$*UTF8*$!
{
	archiveVersion = 1;
	classes = {
	};
	objectVersion = 51;
	objects = {

/* Begin PBXBuildFile section */
		5A00F7232565F157007D9F1D /* GoogleService-Info.plist in Resources */ = {isa = PBXBuildFile; fileRef = 5A00F7222565F157007D9F1D /* GoogleService-Info.plist */; };
		5A75B636256324DE003BBA5D /* TripsListViewController.swift in Sources */ = {isa = PBXBuildFile; fileRef = 5A75B635256324DE003BBA5D /* TripsListViewController.swift */; };
		5A75B63A2563264E003BBA5D /* UIColorExtension.swift in Sources */ = {isa = PBXBuildFile; fileRef = 5A75B6392563264E003BBA5D /* UIColorExtension.swift */; };
		5A75B63F25632CC5003BBA5D /* TripCell.swift in Sources */ = {isa = PBXBuildFile; fileRef = 5A75B63E25632CC5003BBA5D /* TripCell.swift */; };
		5ADBE84625645B7400EE0A18 /* UserController.swift in Sources */ = {isa = PBXBuildFile; fileRef = 5ADBE84525645B7400EE0A18 /* UserController.swift */; };
		5ADBE84925645BA500EE0A18 /* TripController.swift in Sources */ = {isa = PBXBuildFile; fileRef = 5ADBE84825645BA500EE0A18 /* TripController.swift */; };
		5ADBE84C25645BBD00EE0A18 /* CostController.swift in Sources */ = {isa = PBXBuildFile; fileRef = 5ADBE84B25645BBD00EE0A18 /* CostController.swift */; };
		5ADBE8502564617F00EE0A18 /* Trip.swift in Sources */ = {isa = PBXBuildFile; fileRef = 5ADBE84F2564617F00EE0A18 /* Trip.swift */; };
		5ADBE853256461AC00EE0A18 /* User.swift in Sources */ = {isa = PBXBuildFile; fileRef = 5ADBE852256461AC00EE0A18 /* User.swift */; };
		5ADBE85B256461C600EE0A18 /* Cost.swift in Sources */ = {isa = PBXBuildFile; fileRef = 5ADBE85A256461C600EE0A18 /* Cost.swift */; };
		5ADBE85F256481B000EE0A18 /* AuthError.swift in Sources */ = {isa = PBXBuildFile; fileRef = 5ADBE85E256481B000EE0A18 /* AuthError.swift */; };
		7A2D09FA2565863C00C6C77C /* LoginViewController.swift in Sources */ = {isa = PBXBuildFile; fileRef = 7A2D09F92565863C00C6C77C /* LoginViewController.swift */; };
		7A2D0A002565886700C6C77C /* UIViewControllerExtension.swift in Sources */ = {isa = PBXBuildFile; fileRef = 7A2D09FF2565886700C6C77C /* UIViewControllerExtension.swift */; };
		7A2D0A03256588A400C6C77C /* UIViewExtension.swift in Sources */ = {isa = PBXBuildFile; fileRef = 7A2D0A02256588A400C6C77C /* UIViewExtension.swift */; };
		7A2D0A0625658A8200C6C77C /* Helpers.swift in Sources */ = {isa = PBXBuildFile; fileRef = 7A2D0A0525658A8200C6C77C /* Helpers.swift */; };
		7A2D0A0A25658C0B00C6C77C /* RoundedButton.swift in Sources */ = {isa = PBXBuildFile; fileRef = 7A2D0A0925658C0B00C6C77C /* RoundedButton.swift */; };
		7A2D0A0E25658C2700C6C77C /* GasMoneyTextField.swift in Sources */ = {isa = PBXBuildFile; fileRef = 7A2D0A0D25658C2700C6C77C /* GasMoneyTextField.swift */; };
		7A2D0A1125658CFF00C6C77C /* UIImageExtension.swift in Sources */ = {isa = PBXBuildFile; fileRef = 7A2D0A1025658CFF00C6C77C /* UIImageExtension.swift */; };
		7A2E7E2C255C5AD70095EC1A /* AppDelegate.swift in Sources */ = {isa = PBXBuildFile; fileRef = 7A2E7E2B255C5AD70095EC1A /* AppDelegate.swift */; };
		7A2E7E2E255C5AD70095EC1A /* SceneDelegate.swift in Sources */ = {isa = PBXBuildFile; fileRef = 7A2E7E2D255C5AD70095EC1A /* SceneDelegate.swift */; };
		7A2E7E35255C5ADC0095EC1A /* Assets.xcassets in Resources */ = {isa = PBXBuildFile; fileRef = 7A2E7E34255C5ADC0095EC1A /* Assets.xcassets */; };
		7A2E7E38255C5ADC0095EC1A /* LaunchScreen.storyboard in Resources */ = {isa = PBXBuildFile; fileRef = 7A2E7E36255C5ADC0095EC1A /* LaunchScreen.storyboard */; };
		CC08ED3E14C533072A32DE22 /* Pods_GasMoney.framework in Frameworks */ = {isa = PBXBuildFile; fileRef = 82B93B6AFFACA9C992B253CF /* Pods_GasMoney.framework */; };
/* End PBXBuildFile section */

/* Begin PBXFileReference section */
		5A00F7222565F157007D9F1D /* GoogleService-Info.plist */ = {isa = PBXFileReference; fileEncoding = 4; lastKnownFileType = text.plist.xml; path = "GoogleService-Info.plist"; sourceTree = "<group>"; };
		5A75B635256324DE003BBA5D /* TripsListViewController.swift */ = {isa = PBXFileReference; lastKnownFileType = sourcecode.swift; path = TripsListViewController.swift; sourceTree = "<group>"; };
		5A75B6392563264E003BBA5D /* UIColorExtension.swift */ = {isa = PBXFileReference; lastKnownFileType = sourcecode.swift; path = UIColorExtension.swift; sourceTree = "<group>"; };
		5A75B63E25632CC5003BBA5D /* TripCell.swift */ = {isa = PBXFileReference; lastKnownFileType = sourcecode.swift; path = TripCell.swift; sourceTree = "<group>"; };
		5ADBE84525645B7400EE0A18 /* UserController.swift */ = {isa = PBXFileReference; lastKnownFileType = sourcecode.swift; path = UserController.swift; sourceTree = "<group>"; };
		5ADBE84825645BA500EE0A18 /* TripController.swift */ = {isa = PBXFileReference; lastKnownFileType = sourcecode.swift; path = TripController.swift; sourceTree = "<group>"; };
		5ADBE84B25645BBD00EE0A18 /* CostController.swift */ = {isa = PBXFileReference; lastKnownFileType = sourcecode.swift; path = CostController.swift; sourceTree = "<group>"; };
		5ADBE84F2564617F00EE0A18 /* Trip.swift */ = {isa = PBXFileReference; lastKnownFileType = sourcecode.swift; path = Trip.swift; sourceTree = "<group>"; };
		5ADBE852256461AC00EE0A18 /* User.swift */ = {isa = PBXFileReference; lastKnownFileType = sourcecode.swift; path = User.swift; sourceTree = "<group>"; };
		5ADBE85A256461C600EE0A18 /* Cost.swift */ = {isa = PBXFileReference; lastKnownFileType = sourcecode.swift; path = Cost.swift; sourceTree = "<group>"; };
		5ADBE85E256481B000EE0A18 /* AuthError.swift */ = {isa = PBXFileReference; lastKnownFileType = sourcecode.swift; path = AuthError.swift; sourceTree = "<group>"; };
		7A2D09F32565840D00C6C77C /* GoogleService-Info.plist */ = {isa = PBXFileReference; fileEncoding = 4; lastKnownFileType = text.plist; name = "GoogleService-Info.plist"; path = "/Downloads/GoogleService-Info.plist"; sourceTree = "<absolute>"; };
		7A2D09F92565863C00C6C77C /* LoginViewController.swift */ = {isa = PBXFileReference; lastKnownFileType = sourcecode.swift; path = LoginViewController.swift; sourceTree = "<group>"; };
		7A2D09FF2565886700C6C77C /* UIViewControllerExtension.swift */ = {isa = PBXFileReference; lastKnownFileType = sourcecode.swift; path = UIViewControllerExtension.swift; sourceTree = "<group>"; };
		7A2D0A02256588A400C6C77C /* UIViewExtension.swift */ = {isa = PBXFileReference; lastKnownFileType = sourcecode.swift; path = UIViewExtension.swift; sourceTree = "<group>"; };
		7A2D0A0525658A8200C6C77C /* Helpers.swift */ = {isa = PBXFileReference; lastKnownFileType = sourcecode.swift; path = Helpers.swift; sourceTree = "<group>"; };
		7A2D0A0925658C0B00C6C77C /* RoundedButton.swift */ = {isa = PBXFileReference; lastKnownFileType = sourcecode.swift; path = RoundedButton.swift; sourceTree = "<group>"; };
		7A2D0A0D25658C2700C6C77C /* GasMoneyTextField.swift */ = {isa = PBXFileReference; lastKnownFileType = sourcecode.swift; path = GasMoneyTextField.swift; sourceTree = "<group>"; };
		7A2D0A1025658CFF00C6C77C /* UIImageExtension.swift */ = {isa = PBXFileReference; lastKnownFileType = sourcecode.swift; path = UIImageExtension.swift; sourceTree = "<group>"; };
		7A2E7E28255C5AD70095EC1A /* GasMoney.app */ = {isa = PBXFileReference; explicitFileType = wrapper.application; includeInIndex = 0; path = GasMoney.app; sourceTree = BUILT_PRODUCTS_DIR; };
		7A2E7E2B255C5AD70095EC1A /* AppDelegate.swift */ = {isa = PBXFileReference; lastKnownFileType = sourcecode.swift; path = AppDelegate.swift; sourceTree = "<group>"; };
		7A2E7E2D255C5AD70095EC1A /* SceneDelegate.swift */ = {isa = PBXFileReference; lastKnownFileType = sourcecode.swift; path = SceneDelegate.swift; sourceTree = "<group>"; };
		7A2E7E34255C5ADC0095EC1A /* Assets.xcassets */ = {isa = PBXFileReference; lastKnownFileType = folder.assetcatalog; path = Assets.xcassets; sourceTree = "<group>"; };
		7A2E7E37255C5ADC0095EC1A /* Base */ = {isa = PBXFileReference; lastKnownFileType = file.storyboard; name = Base; path = Base.lproj/LaunchScreen.storyboard; sourceTree = "<group>"; };
		7A2E7E39255C5ADC0095EC1A /* Info.plist */ = {isa = PBXFileReference; lastKnownFileType = text.plist.xml; path = Info.plist; sourceTree = "<group>"; };
		82B93B6AFFACA9C992B253CF /* Pods_GasMoney.framework */ = {isa = PBXFileReference; explicitFileType = wrapper.framework; includeInIndex = 0; path = Pods_GasMoney.framework; sourceTree = BUILT_PRODUCTS_DIR; };
		8F5309EE5328BB95F00A2204 /* Pods-GasMoney.release.xcconfig */ = {isa = PBXFileReference; includeInIndex = 1; lastKnownFileType = text.xcconfig; name = "Pods-GasMoney.release.xcconfig"; path = "Target Support Files/Pods-GasMoney/Pods-GasMoney.release.xcconfig"; sourceTree = "<group>"; };
		E7E3D556E88586B497FC5198 /* Pods-GasMoney.debug.xcconfig */ = {isa = PBXFileReference; includeInIndex = 1; lastKnownFileType = text.xcconfig; name = "Pods-GasMoney.debug.xcconfig"; path = "Target Support Files/Pods-GasMoney/Pods-GasMoney.debug.xcconfig"; sourceTree = "<group>"; };
/* End PBXFileReference section */

/* Begin PBXFrameworksBuildPhase section */
		7A2E7E25255C5AD70095EC1A /* Frameworks */ = {
			isa = PBXFrameworksBuildPhase;
			buildActionMask = 2147483647;
			files = (
				CC08ED3E14C533072A32DE22 /* Pods_GasMoney.framework in Frameworks */,
			);
			runOnlyForDeploymentPostprocessing = 0;
		};
/* End PBXFrameworksBuildPhase section */

/* Begin PBXGroup section */
		5A32D4BA2565E63300F61663 /* Recovered References */ = {
			isa = PBXGroup;
			children = (
				7A2D09F32565840D00C6C77C /* GoogleService-Info.plist */,
			);
			name = "Recovered References";
			sourceTree = "<group>";
		};
		5A75B6382563261C003BBA5D /* Helpers And Extensions */ = {
			isa = PBXGroup;
			children = (
				5A75B6392563264E003BBA5D /* UIColorExtension.swift */,
				7A2D09FF2565886700C6C77C /* UIViewControllerExtension.swift */,
				7A2D0A02256588A400C6C77C /* UIViewExtension.swift */,
				7A2D0A0525658A8200C6C77C /* Helpers.swift */,
				7A2D0A1025658CFF00C6C77C /* UIImageExtension.swift */,
			);
			path = "Helpers And Extensions";
			sourceTree = "<group>";
		};
		5A75B63C25632C01003BBA5D /* Views */ = {
			isa = PBXGroup;
			children = (
				7A2D0A0825658BE600C6C77C /* Custom Views */,
				5A75B63D25632C1A003BBA5D /* Collection View Cell */,
			);
			path = Views;
			sourceTree = "<group>";
		};
		5A75B63D25632C1A003BBA5D /* Collection View Cell */ = {
			isa = PBXGroup;
			children = (
				5A75B63E25632CC5003BBA5D /* TripCell.swift */,
			);
			path = "Collection View Cell";
			sourceTree = "<group>";
		};
		5ADBE8632565D9BD00EE0A18 /* Controllers */ = {
			isa = PBXGroup;
			children = (
				7A2D09F7256585D600C6C77C /* View Controllers */,
				5ADBE8642565D9C400EE0A18 /* Model Controllers */,
			);
			path = Controllers;
			sourceTree = "<group>";
		};
		5ADBE8642565D9C400EE0A18 /* Model Controllers */ = {
			isa = PBXGroup;
			children = (
				5ADBE84525645B7400EE0A18 /* UserController.swift */,
				5ADBE84B25645BBD00EE0A18 /* CostController.swift */,
				5ADBE84825645BA500EE0A18 /* TripController.swift */,
			);
			path = "Model Controllers";
			sourceTree = "<group>";
		};
		5ADBE8662565D9E600EE0A18 /* Models */ = {
			isa = PBXGroup;
			children = (
				5ADBE85A256461C600EE0A18 /* Cost.swift */,
				5ADBE852256461AC00EE0A18 /* User.swift */,
				5ADBE84F2564617F00EE0A18 /* Trip.swift */,
				5ADBE85E256481B000EE0A18 /* AuthError.swift */,
			);
			path = Models;
			sourceTree = "<group>";
		};
		7A2D09F7256585D600C6C77C /* View Controllers */ = {
			isa = PBXGroup;
			children = (
				5A75B635256324DE003BBA5D /* TripsListViewController.swift */,
				7A2D09F82565860D00C6C77C /* Login and Sign Up */,
			);
			path = "View Controllers";
			sourceTree = "<group>";
		};
		7A2D09F82565860D00C6C77C /* Login and Sign Up */ = {
			isa = PBXGroup;
			children = (
				7A2D09F92565863C00C6C77C /* LoginViewController.swift */,
			);
			path = "Login and Sign Up";
			sourceTree = "<group>";
		};
		7A2D0A0825658BE600C6C77C /* Custom Views */ = {
			isa = PBXGroup;
			children = (
				7A2D0A0925658C0B00C6C77C /* RoundedButton.swift */,
				7A2D0A0D25658C2700C6C77C /* GasMoneyTextField.swift */,
			);
			path = "Custom Views";
			sourceTree = "<group>";
		};
		7A2E7E1F255C5AD70095EC1A = {
			isa = PBXGroup;
			children = (
				7A2E7E2A255C5AD70095EC1A /* GasMoney */,
				7A2E7E29255C5AD70095EC1A /* Products */,
				A5485420943A9943F22BA060 /* Pods */,
				5A32D4BA2565E63300F61663 /* Recovered References */,
				8CFD6BBBC445E10A00A6DD77 /* Frameworks */,
			);
			sourceTree = "<group>";
		};
		7A2E7E29255C5AD70095EC1A /* Products */ = {
			isa = PBXGroup;
			children = (
				7A2E7E28255C5AD70095EC1A /* GasMoney.app */,
			);
			name = Products;
			sourceTree = "<group>";
		};
		7A2E7E2A255C5AD70095EC1A /* GasMoney */ = {
			isa = PBXGroup;
			children = (
				5A00F7222565F157007D9F1D /* GoogleService-Info.plist */,
				5ADBE8662565D9E600EE0A18 /* Models */,
				5ADBE8632565D9BD00EE0A18 /* Controllers */,
				5A75B63C25632C01003BBA5D /* Views */,
				5A75B6382563261C003BBA5D /* Helpers And Extensions */,
				7A2E7E40255C5B0E0095EC1A /* Resources */,
			);
			path = GasMoney;
			sourceTree = "<group>";
		};
		7A2E7E40255C5B0E0095EC1A /* Resources */ = {
			isa = PBXGroup;
			children = (
				7A2E7E2B255C5AD70095EC1A /* AppDelegate.swift */,
				7A2E7E2D255C5AD70095EC1A /* SceneDelegate.swift */,
				7A2E7E34255C5ADC0095EC1A /* Assets.xcassets */,
				7A2E7E36255C5ADC0095EC1A /* LaunchScreen.storyboard */,
				7A2E7E39255C5ADC0095EC1A /* Info.plist */,
			);
			path = Resources;
			sourceTree = "<group>";
		};
		8CFD6BBBC445E10A00A6DD77 /* Frameworks */ = {
			isa = PBXGroup;
			children = (
				82B93B6AFFACA9C992B253CF /* Pods_GasMoney.framework */,
			);
			name = Frameworks;
			sourceTree = "<group>";
		};
		A5485420943A9943F22BA060 /* Pods */ = {
			isa = PBXGroup;
			children = (
				E7E3D556E88586B497FC5198 /* Pods-GasMoney.debug.xcconfig */,
				8F5309EE5328BB95F00A2204 /* Pods-GasMoney.release.xcconfig */,
			);
			path = Pods;
			sourceTree = "<group>";
		};
/* End PBXGroup section */

/* Begin PBXNativeTarget section */
		7A2E7E27255C5AD70095EC1A /* GasMoney */ = {
			isa = PBXNativeTarget;
			buildConfigurationList = 7A2E7E3C255C5ADC0095EC1A /* Build configuration list for PBXNativeTarget "GasMoney" */;
			buildPhases = (
				C4DBD58D40CC6E3D28A8AA42 /* [CP] Check Pods Manifest.lock */,
				7A2E7E24255C5AD70095EC1A /* Sources */,
				7A2E7E25255C5AD70095EC1A /* Frameworks */,
				7A2E7E26255C5AD70095EC1A /* Resources */,
				B29B65CD4639BC472F478D8E /* [CP] Embed Pods Frameworks */,
			);
			buildRules = (
			);
			dependencies = (
			);
			name = GasMoney;
			productName = GasMoney;
			productReference = 7A2E7E28255C5AD70095EC1A /* GasMoney.app */;
			productType = "com.apple.product-type.application";
		};
/* End PBXNativeTarget section */

/* Begin PBXProject section */
		7A2E7E20255C5AD70095EC1A /* Project object */ = {
			isa = PBXProject;
			attributes = {
				LastSwiftUpdateCheck = 1210;
				LastUpgradeCheck = 1210;
				TargetAttributes = {
					7A2E7E27255C5AD70095EC1A = {
						CreatedOnToolsVersion = 12.1;
					};
				};
			};
			buildConfigurationList = 7A2E7E23255C5AD70095EC1A /* Build configuration list for PBXProject "GasMoney" */;
			compatibilityVersion = "Xcode 9.3";
			developmentRegion = en;
			hasScannedForEncodings = 0;
			knownRegions = (
				en,
				Base,
			);
			mainGroup = 7A2E7E1F255C5AD70095EC1A;
			productRefGroup = 7A2E7E29255C5AD70095EC1A /* Products */;
			projectDirPath = "";
			projectRoot = "";
			targets = (
				7A2E7E27255C5AD70095EC1A /* GasMoney */,
			);
		};
/* End PBXProject section */

/* Begin PBXResourcesBuildPhase section */
		7A2E7E26255C5AD70095EC1A /* Resources */ = {
			isa = PBXResourcesBuildPhase;
			buildActionMask = 2147483647;
			files = (
				7A2E7E38255C5ADC0095EC1A /* LaunchScreen.storyboard in Resources */,
				5A00F7232565F157007D9F1D /* GoogleService-Info.plist in Resources */,
				7A2E7E35255C5ADC0095EC1A /* Assets.xcassets in Resources */,
			);
			runOnlyForDeploymentPostprocessing = 0;
		};
/* End PBXResourcesBuildPhase section */

/* Begin PBXShellScriptBuildPhase section */
		B29B65CD4639BC472F478D8E /* [CP] Embed Pods Frameworks */ = {
			isa = PBXShellScriptBuildPhase;
			buildActionMask = 2147483647;
			files = (
			);
			inputFileListPaths = (
				"${PODS_ROOT}/Target Support Files/Pods-GasMoney/Pods-GasMoney-frameworks-${CONFIGURATION}-input-files.xcfilelist",
			);
			name = "[CP] Embed Pods Frameworks";
			outputFileListPaths = (
				"${PODS_ROOT}/Target Support Files/Pods-GasMoney/Pods-GasMoney-frameworks-${CONFIGURATION}-output-files.xcfilelist",
			);
			runOnlyForDeploymentPostprocessing = 0;
			shellPath = /bin/sh;
			shellScript = "\"${PODS_ROOT}/Target Support Files/Pods-GasMoney/Pods-GasMoney-frameworks.sh\"\n";
			showEnvVarsInLog = 0;
		};
		C4DBD58D40CC6E3D28A8AA42 /* [CP] Check Pods Manifest.lock */ = {
			isa = PBXShellScriptBuildPhase;
			buildActionMask = 2147483647;
			files = (
			);
			inputFileListPaths = (
			);
			inputPaths = (
				"${PODS_PODFILE_DIR_PATH}/Podfile.lock",
				"${PODS_ROOT}/Manifest.lock",
			);
			name = "[CP] Check Pods Manifest.lock";
			outputFileListPaths = (
			);
			outputPaths = (
				"$(DERIVED_FILE_DIR)/Pods-GasMoney-checkManifestLockResult.txt",
			);
			runOnlyForDeploymentPostprocessing = 0;
			shellPath = /bin/sh;
			shellScript = "diff \"${PODS_PODFILE_DIR_PATH}/Podfile.lock\" \"${PODS_ROOT}/Manifest.lock\" > /dev/null\nif [ $? != 0 ] ; then\n    # print error to STDERR\n    echo \"error: The sandbox is not in sync with the Podfile.lock. Run 'pod install' or update your CocoaPods installation.\" >&2\n    exit 1\nfi\n# This output is used by Xcode 'outputs' to avoid re-running this script phase.\necho \"SUCCESS\" > \"${SCRIPT_OUTPUT_FILE_0}\"\n";
			showEnvVarsInLog = 0;
		};
/* End PBXShellScriptBuildPhase section */

/* Begin PBXSourcesBuildPhase section */
		7A2E7E24255C5AD70095EC1A /* Sources */ = {
			isa = PBXSourcesBuildPhase;
			buildActionMask = 2147483647;
			files = (
				5ADBE85B256461C600EE0A18 /* Cost.swift in Sources */,
				7A2D09FA2565863C00C6C77C /* LoginViewController.swift in Sources */,
				7A2D0A0A25658C0B00C6C77C /* RoundedButton.swift in Sources */,
				5A75B636256324DE003BBA5D /* TripsListViewController.swift in Sources */,
				5A75B63A2563264E003BBA5D /* UIColorExtension.swift in Sources */,
				7A2E7E2C255C5AD70095EC1A /* AppDelegate.swift in Sources */,
				5ADBE84C25645BBD00EE0A18 /* CostController.swift in Sources */,
				5ADBE85F256481B000EE0A18 /* AuthError.swift in Sources */,
				5ADBE84625645B7400EE0A18 /* UserController.swift in Sources */,
				5ADBE853256461AC00EE0A18 /* User.swift in Sources */,
				5ADBE84925645BA500EE0A18 /* TripController.swift in Sources */,
				5ADBE8502564617F00EE0A18 /* Trip.swift in Sources */,
				7A2D0A0625658A8200C6C77C /* Helpers.swift in Sources */,
				5A75B63F25632CC5003BBA5D /* TripCell.swift in Sources */,
				7A2D0A002565886700C6C77C /* UIViewControllerExtension.swift in Sources */,
				7A2D0A03256588A400C6C77C /* UIViewExtension.swift in Sources */,
				7A2D0A0E25658C2700C6C77C /* GasMoneyTextField.swift in Sources */,
				7A2E7E2E255C5AD70095EC1A /* SceneDelegate.swift in Sources */,
				7A2D0A1125658CFF00C6C77C /* UIImageExtension.swift in Sources */,
			);
			runOnlyForDeploymentPostprocessing = 0;
		};
/* End PBXSourcesBuildPhase section */

/* Begin PBXVariantGroup section */
		7A2E7E36255C5ADC0095EC1A /* LaunchScreen.storyboard */ = {
			isa = PBXVariantGroup;
			children = (
				7A2E7E37255C5ADC0095EC1A /* Base */,
			);
			name = LaunchScreen.storyboard;
			sourceTree = "<group>";
		};
/* End PBXVariantGroup section */

/* Begin XCBuildConfiguration section */
		7A2E7E3A255C5ADC0095EC1A /* Debug */ = {
			isa = XCBuildConfiguration;
			buildSettings = {
				ALWAYS_SEARCH_USER_PATHS = NO;
				CLANG_ANALYZER_NONNULL = YES;
				CLANG_ANALYZER_NUMBER_OBJECT_CONVERSION = YES_AGGRESSIVE;
				CLANG_CXX_LANGUAGE_STANDARD = "gnu++14";
				CLANG_CXX_LIBRARY = "libc++";
				CLANG_ENABLE_MODULES = YES;
				CLANG_ENABLE_OBJC_ARC = YES;
				CLANG_ENABLE_OBJC_WEAK = YES;
				CLANG_WARN_BLOCK_CAPTURE_AUTORELEASING = YES;
				CLANG_WARN_BOOL_CONVERSION = YES;
				CLANG_WARN_COMMA = YES;
				CLANG_WARN_CONSTANT_CONVERSION = YES;
				CLANG_WARN_DEPRECATED_OBJC_IMPLEMENTATIONS = YES;
				CLANG_WARN_DIRECT_OBJC_ISA_USAGE = YES_ERROR;
				CLANG_WARN_DOCUMENTATION_COMMENTS = YES;
				CLANG_WARN_EMPTY_BODY = YES;
				CLANG_WARN_ENUM_CONVERSION = YES;
				CLANG_WARN_INFINITE_RECURSION = YES;
				CLANG_WARN_INT_CONVERSION = YES;
				CLANG_WARN_NON_LITERAL_NULL_CONVERSION = YES;
				CLANG_WARN_OBJC_IMPLICIT_RETAIN_SELF = YES;
				CLANG_WARN_OBJC_LITERAL_CONVERSION = YES;
				CLANG_WARN_OBJC_ROOT_CLASS = YES_ERROR;
				CLANG_WARN_QUOTED_INCLUDE_IN_FRAMEWORK_HEADER = YES;
				CLANG_WARN_RANGE_LOOP_ANALYSIS = YES;
				CLANG_WARN_STRICT_PROTOTYPES = YES;
				CLANG_WARN_SUSPICIOUS_MOVE = YES;
				CLANG_WARN_UNGUARDED_AVAILABILITY = YES_AGGRESSIVE;
				CLANG_WARN_UNREACHABLE_CODE = YES;
				CLANG_WARN__DUPLICATE_METHOD_MATCH = YES;
				COPY_PHASE_STRIP = NO;
				DEBUG_INFORMATION_FORMAT = dwarf;
				ENABLE_STRICT_OBJC_MSGSEND = YES;
				ENABLE_TESTABILITY = YES;
				GCC_C_LANGUAGE_STANDARD = gnu11;
				GCC_DYNAMIC_NO_PIC = NO;
				GCC_NO_COMMON_BLOCKS = YES;
				GCC_OPTIMIZATION_LEVEL = 0;
				GCC_PREPROCESSOR_DEFINITIONS = (
					"DEBUG=1",
					"$(inherited)",
				);
				GCC_WARN_64_TO_32_BIT_CONVERSION = YES;
				GCC_WARN_ABOUT_RETURN_TYPE = YES_ERROR;
				GCC_WARN_UNDECLARED_SELECTOR = YES;
				GCC_WARN_UNINITIALIZED_AUTOS = YES_AGGRESSIVE;
				GCC_WARN_UNUSED_FUNCTION = YES;
				GCC_WARN_UNUSED_VARIABLE = YES;
				IPHONEOS_DEPLOYMENT_TARGET = 14.1;
				MTL_ENABLE_DEBUG_INFO = INCLUDE_SOURCE;
				MTL_FAST_MATH = YES;
				ONLY_ACTIVE_ARCH = YES;
				SDKROOT = iphoneos;
				SWIFT_ACTIVE_COMPILATION_CONDITIONS = DEBUG;
				SWIFT_OPTIMIZATION_LEVEL = "-Onone";
			};
			name = Debug;
		};
		7A2E7E3B255C5ADC0095EC1A /* Release */ = {
			isa = XCBuildConfiguration;
			buildSettings = {
				ALWAYS_SEARCH_USER_PATHS = NO;
				CLANG_ANALYZER_NONNULL = YES;
				CLANG_ANALYZER_NUMBER_OBJECT_CONVERSION = YES_AGGRESSIVE;
				CLANG_CXX_LANGUAGE_STANDARD = "gnu++14";
				CLANG_CXX_LIBRARY = "libc++";
				CLANG_ENABLE_MODULES = YES;
				CLANG_ENABLE_OBJC_ARC = YES;
				CLANG_ENABLE_OBJC_WEAK = YES;
				CLANG_WARN_BLOCK_CAPTURE_AUTORELEASING = YES;
				CLANG_WARN_BOOL_CONVERSION = YES;
				CLANG_WARN_COMMA = YES;
				CLANG_WARN_CONSTANT_CONVERSION = YES;
				CLANG_WARN_DEPRECATED_OBJC_IMPLEMENTATIONS = YES;
				CLANG_WARN_DIRECT_OBJC_ISA_USAGE = YES_ERROR;
				CLANG_WARN_DOCUMENTATION_COMMENTS = YES;
				CLANG_WARN_EMPTY_BODY = YES;
				CLANG_WARN_ENUM_CONVERSION = YES;
				CLANG_WARN_INFINITE_RECURSION = YES;
				CLANG_WARN_INT_CONVERSION = YES;
				CLANG_WARN_NON_LITERAL_NULL_CONVERSION = YES;
				CLANG_WARN_OBJC_IMPLICIT_RETAIN_SELF = YES;
				CLANG_WARN_OBJC_LITERAL_CONVERSION = YES;
				CLANG_WARN_OBJC_ROOT_CLASS = YES_ERROR;
				CLANG_WARN_QUOTED_INCLUDE_IN_FRAMEWORK_HEADER = YES;
				CLANG_WARN_RANGE_LOOP_ANALYSIS = YES;
				CLANG_WARN_STRICT_PROTOTYPES = YES;
				CLANG_WARN_SUSPICIOUS_MOVE = YES;
				CLANG_WARN_UNGUARDED_AVAILABILITY = YES_AGGRESSIVE;
				CLANG_WARN_UNREACHABLE_CODE = YES;
				CLANG_WARN__DUPLICATE_METHOD_MATCH = YES;
				COPY_PHASE_STRIP = NO;
				DEBUG_INFORMATION_FORMAT = "dwarf-with-dsym";
				ENABLE_NS_ASSERTIONS = NO;
				ENABLE_STRICT_OBJC_MSGSEND = YES;
				GCC_C_LANGUAGE_STANDARD = gnu11;
				GCC_NO_COMMON_BLOCKS = YES;
				GCC_WARN_64_TO_32_BIT_CONVERSION = YES;
				GCC_WARN_ABOUT_RETURN_TYPE = YES_ERROR;
				GCC_WARN_UNDECLARED_SELECTOR = YES;
				GCC_WARN_UNINITIALIZED_AUTOS = YES_AGGRESSIVE;
				GCC_WARN_UNUSED_FUNCTION = YES;
				GCC_WARN_UNUSED_VARIABLE = YES;
				IPHONEOS_DEPLOYMENT_TARGET = 14.1;
				MTL_ENABLE_DEBUG_INFO = NO;
				MTL_FAST_MATH = YES;
				SDKROOT = iphoneos;
				SWIFT_COMPILATION_MODE = wholemodule;
				SWIFT_OPTIMIZATION_LEVEL = "-O";
				VALIDATE_PRODUCT = YES;
			};
			name = Release;
		};
		7A2E7E3D255C5ADC0095EC1A /* Debug */ = {
			isa = XCBuildConfiguration;
			baseConfigurationReference = E7E3D556E88586B497FC5198 /* Pods-GasMoney.debug.xcconfig */;
			buildSettings = {
				ASSETCATALOG_COMPILER_APPICON_NAME = AppIcon;
				ASSETCATALOG_COMPILER_GLOBAL_ACCENT_COLOR_NAME = AccentColor;
				CODE_SIGN_STYLE = Automatic;
				DEVELOPMENT_TEAM = 35AF4SXRC7;
				INFOPLIST_FILE = "$(SRCROOT)/GasMoney/Resources/Info.plist";
				LD_RUNPATH_SEARCH_PATHS = (
					"$(inherited)",
					"@executable_path/Frameworks",
				);
				PRODUCT_BUNDLE_IDENTIFIER = CircleKCoders.GasMoney;
				PRODUCT_NAME = "$(TARGET_NAME)";
				SWIFT_VERSION = 5.0;
				TARGETED_DEVICE_FAMILY = "1,2";
			};
			name = Debug;
		};
		7A2E7E3E255C5ADC0095EC1A /* Release */ = {
			isa = XCBuildConfiguration;
			baseConfigurationReference = 8F5309EE5328BB95F00A2204 /* Pods-GasMoney.release.xcconfig */;
			buildSettings = {
				ASSETCATALOG_COMPILER_APPICON_NAME = AppIcon;
				ASSETCATALOG_COMPILER_GLOBAL_ACCENT_COLOR_NAME = AccentColor;
				CODE_SIGN_STYLE = Automatic;
				DEVELOPMENT_TEAM = 35AF4SXRC7;
				INFOPLIST_FILE = "$(SRCROOT)/GasMoney/Resources/Info.plist";
				LD_RUNPATH_SEARCH_PATHS = (
					"$(inherited)",
					"@executable_path/Frameworks",
				);
				PRODUCT_BUNDLE_IDENTIFIER = CircleKCoders.GasMoney;
				PRODUCT_NAME = "$(TARGET_NAME)";
				SWIFT_VERSION = 5.0;
				TARGETED_DEVICE_FAMILY = "1,2";
			};
			name = Release;
		};
/* End XCBuildConfiguration section */

/* Begin XCConfigurationList section */
		7A2E7E23255C5AD70095EC1A /* Build configuration list for PBXProject "GasMoney" */ = {
			isa = XCConfigurationList;
			buildConfigurations = (
				7A2E7E3A255C5ADC0095EC1A /* Debug */,
				7A2E7E3B255C5ADC0095EC1A /* Release */,
			);
			defaultConfigurationIsVisible = 0;
			defaultConfigurationName = Release;
		};
		7A2E7E3C255C5ADC0095EC1A /* Build configuration list for PBXNativeTarget "GasMoney" */ = {
			isa = XCConfigurationList;
			buildConfigurations = (
				7A2E7E3D255C5ADC0095EC1A /* Debug */,
				7A2E7E3E255C5ADC0095EC1A /* Release */,
			);
			defaultConfigurationIsVisible = 0;
			defaultConfigurationName = Release;
		};
/* End XCConfigurationList section */
	};
	rootObject = 7A2E7E20255C5AD70095EC1A /* Project object */;
}
