// !$*UTF8*$!
{
	archiveVersion = 1;
	classes = {
	};
	objectVersion = 50;
	objects = {

/* Begin PBXBuildFile section */
		7A2E7E2C255C5AD70095EC1A /* AppDelegate.swift in Sources */ = {isa = PBXBuildFile; fileRef = 7A2E7E2B255C5AD70095EC1A /* AppDelegate.swift */; };
		7A2E7E2E255C5AD70095EC1A /* SceneDelegate.swift in Sources */ = {isa = PBXBuildFile; fileRef = 7A2E7E2D255C5AD70095EC1A /* SceneDelegate.swift */; };
		7A2E7E30255C5AD70095EC1A /* ViewController.swift in Sources */ = {isa = PBXBuildFile; fileRef = 7A2E7E2F255C5AD70095EC1A /* ViewController.swift */; };
		7A2E7E33255C5AD70095EC1A /* Main.storyboard in Resources */ = {isa = PBXBuildFile; fileRef = 7A2E7E31255C5AD70095EC1A /* Main.storyboard */; };
		7A2E7E35255C5ADC0095EC1A /* Assets.xcassets in Resources */ = {isa = PBXBuildFile; fileRef = 7A2E7E34255C5ADC0095EC1A /* Assets.xcassets */; };
		7A2E7E38255C5ADC0095EC1A /* LaunchScreen.storyboard in Resources */ = {isa = PBXBuildFile; fileRef = 7A2E7E36255C5ADC0095EC1A /* LaunchScreen.storyboard */; };
/* End PBXBuildFile section */

/* Begin PBXFileReference section */
		7A2E7E28255C5AD70095EC1A /* GasMoney.app */ = {isa = PBXFileReference; explicitFileType = wrapper.application; includeInIndex = 0; path = GasMoney.app; sourceTree = BUILT_PRODUCTS_DIR; };
		7A2E7E2B255C5AD70095EC1A /* AppDelegate.swift */ = {isa = PBXFileReference; lastKnownFileType = sourcecode.swift; path = AppDelegate.swift; sourceTree = "<group>"; };
		7A2E7E2D255C5AD70095EC1A /* SceneDelegate.swift */ = {isa = PBXFileReference; lastKnownFileType = sourcecode.swift; path = SceneDelegate.swift; sourceTree = "<group>"; };
		7A2E7E2F255C5AD70095EC1A /* ViewController.swift */ = {isa = PBXFileReference; lastKnownFileType = sourcecode.swift; path = ViewController.swift; sourceTree = "<group>"; };
		7A2E7E32255C5AD70095EC1A /* Base */ = {isa = PBXFileReference; lastKnownFileType = file.storyboard; name = Base; path = Base.lproj/Main.storyboard; sourceTree = "<group>"; };
		7A2E7E34255C5ADC0095EC1A /* Assets.xcassets */ = {isa = PBXFileReference; lastKnownFileType = folder.assetcatalog; path = Assets.xcassets; sourceTree = "<group>"; };
		7A2E7E37255C5ADC0095EC1A /* Base */ = {isa = PBXFileReference; lastKnownFileType = file.storyboard; name = Base; path = Base.lproj/LaunchScreen.storyboard; sourceTree = "<group>"; };
		7A2E7E39255C5ADC0095EC1A /* Info.plist */ = {isa = PBXFileReference; lastKnownFileType = text.plist.xml; path = Info.plist; sourceTree = "<group>"; };
/* End PBXFileReference section */

/* Begin PBXFrameworksBuildPhase section */
		7A2E7E25255C5AD70095EC1A /* Frameworks */ = {
			isa = PBXFrameworksBuildPhase;
			buildActionMask = 2147483647;
			files = (
			);
			runOnlyForDeploymentPostprocessing = 0;
		};
/* End PBXFrameworksBuildPhase section */

/* Begin PBXGroup section */
		7A2E7E1F255C5AD70095EC1A = {
			isa = PBXGroup;
			children = (
				7A2E7E2A255C5AD70095EC1A /* GasMoney */,
				7A2E7E29255C5AD70095EC1A /* Products */,
			);
			sourceTree = "<group>";
		};
		7A2E7E29255C5AD70095EC1A /* Products */ = {
			isa = PBXGroup;
			children = (
				7A2E7E28255C5AD70095EC1A /* GasMoney.app */,
			);
			name = Products;
			sourceTree = "<group>";
		};
		7A2E7E2A255C5AD70095EC1A /* GasMoney */ = {
			isa = PBXGroup;
			children = (
				7A2E7E2F255C5AD70095EC1A /* ViewController.swift */,
				7A2E7E40255C5B0E0095EC1A /* Resources */,
			);
			path = GasMoney;
			sourceTree = "<group>";
		};
		7A2E7E40255C5B0E0095EC1A /* Resources */ = {
			isa = PBXGroup;
			children = (
				7A2E7E2B255C5AD70095EC1A /* AppDelegate.swift */,
				7A2E7E2D255C5AD70095EC1A /* SceneDelegate.swift */,
				7A2E7E31255C5AD70095EC1A /* Main.storyboard */,
				7A2E7E34255C5ADC0095EC1A /* Assets.xcassets */,
				7A2E7E36255C5ADC0095EC1A /* LaunchScreen.storyboard */,
				7A2E7E39255C5ADC0095EC1A /* Info.plist */,
			);
			path = Resources;
			sourceTree = "<group>";
		};
/* End PBXGroup section */

/* Begin PBXNativeTarget section */
		7A2E7E27255C5AD70095EC1A /* GasMoney */ = {
			isa = PBXNativeTarget;
			buildConfigurationList = 7A2E7E3C255C5ADC0095EC1A /* Build configuration list for PBXNativeTarget "GasMoney" */;
			buildPhases = (
				7A2E7E24255C5AD70095EC1A /* Sources */,
				7A2E7E25255C5AD70095EC1A /* Frameworks */,
				7A2E7E26255C5AD70095EC1A /* Resources */,
			);
			buildRules = (
			);
			dependencies = (
			);
			name = GasMoney;
			productName = GasMoney;
			productReference = 7A2E7E28255C5AD70095EC1A /* GasMoney.app */;
			productType = "com.apple.product-type.application";
		};
/* End PBXNativeTarget section */

/* Begin PBXProject section */
		7A2E7E20255C5AD70095EC1A /* Project object */ = {
			isa = PBXProject;
			attributes = {
				LastSwiftUpdateCheck = 1210;
				LastUpgradeCheck = 1210;
				TargetAttributes = {
					7A2E7E27255C5AD70095EC1A = {
						CreatedOnToolsVersion = 12.1;
					};
				};
			};
			buildConfigurationList = 7A2E7E23255C5AD70095EC1A /* Build configuration list for PBXProject "GasMoney" */;
			compatibilityVersion = "Xcode 9.3";
			developmentRegion = en;
			hasScannedForEncodings = 0;
			knownRegions = (
				en,
				Base,
			);
			mainGroup = 7A2E7E1F255C5AD70095EC1A;
			productRefGroup = 7A2E7E29255C5AD70095EC1A /* Products */;
			projectDirPath = "";
			projectRoot = "";
			targets = (
				7A2E7E27255C5AD70095EC1A /* GasMoney */,
			);
		};
/* End PBXProject section */

/* Begin PBXResourcesBuildPhase section */
		7A2E7E26255C5AD70095EC1A /* Resources */ = {
			isa = PBXResourcesBuildPhase;
			buildActionMask = 2147483647;
			files = (
				7A2E7E38255C5ADC0095EC1A /* LaunchScreen.storyboard in Resources */,
				7A2E7E35255C5ADC0095EC1A /* Assets.xcassets in Resources */,
				7A2E7E33255C5AD70095EC1A /* Main.storyboard in Resources */,
			);
			runOnlyForDeploymentPostprocessing = 0;
		};
/* End PBXResourcesBuildPhase section */

/* Begin PBXSourcesBuildPhase section */
		7A2E7E24255C5AD70095EC1A /* Sources */ = {
			isa = PBXSourcesBuildPhase;
			buildActionMask = 2147483647;
			files = (
				7A2E7E30255C5AD70095EC1A /* ViewController.swift in Sources */,
				7A2E7E2C255C5AD70095EC1A /* AppDelegate.swift in Sources */,
				7A2E7E2E255C5AD70095EC1A /* SceneDelegate.swift in Sources */,
			);
			runOnlyForDeploymentPostprocessing = 0;
		};
/* End PBXSourcesBuildPhase section */

/* Begin PBXVariantGroup section */
		7A2E7E31255C5AD70095EC1A /* Main.storyboard */ = {
			isa = PBXVariantGroup;
			children = (
				7A2E7E32255C5AD70095EC1A /* Base */,
			);
			name = Main.storyboard;
			sourceTree = "<group>";
		};
		7A2E7E36255C5ADC0095EC1A /* LaunchScreen.storyboard */ = {
			isa = PBXVariantGroup;
			children = (
				7A2E7E37255C5ADC0095EC1A /* Base */,
			);
			name = LaunchScreen.storyboard;
			sourceTree = "<group>";
		};
/* End PBXVariantGroup section */

/* Begin XCBuildConfiguration section */
		7A2E7E3A255C5ADC0095EC1A /* Debug */ = {
			isa = XCBuildConfiguration;
			buildSettings = {
				ALWAYS_SEARCH_USER_PATHS = NO;
				CLANG_ANALYZER_NONNULL = YES;
				CLANG_ANALYZER_NUMBER_OBJECT_CONVERSION = YES_AGGRESSIVE;
				CLANG_CXX_LANGUAGE_STANDARD = "gnu++14";
				CLANG_CXX_LIBRARY = "libc++";
				CLANG_ENABLE_MODULES = YES;
				CLANG_ENABLE_OBJC_ARC = YES;
				CLANG_ENABLE_OBJC_WEAK = YES;
				CLANG_WARN_BLOCK_CAPTURE_AUTORELEASING = YES;
				CLANG_WARN_BOOL_CONVERSION = YES;
				CLANG_WARN_COMMA = YES;
				CLANG_WARN_CONSTANT_CONVERSION = YES;
				CLANG_WARN_DEPRECATED_OBJC_IMPLEMENTATIONS = YES;
				CLANG_WARN_DIRECT_OBJC_ISA_USAGE = YES_ERROR;
				CLANG_WARN_DOCUMENTATION_COMMENTS = YES;
				CLANG_WARN_EMPTY_BODY = YES;
				CLANG_WARN_ENUM_CONVERSION = YES;
				CLANG_WARN_INFINITE_RECURSION = YES;
				CLANG_WARN_INT_CONVERSION = YES;
				CLANG_WARN_NON_LITERAL_NULL_CONVERSION = YES;
				CLANG_WARN_OBJC_IMPLICIT_RETAIN_SELF = YES;
				CLANG_WARN_OBJC_LITERAL_CONVERSION = YES;
				CLANG_WARN_OBJC_ROOT_CLASS = YES_ERROR;
				CLANG_WARN_QUOTED_INCLUDE_IN_FRAMEWORK_HEADER = YES;
				CLANG_WARN_RANGE_LOOP_ANALYSIS = YES;
				CLANG_WARN_STRICT_PROTOTYPES = YES;
				CLANG_WARN_SUSPICIOUS_MOVE = YES;
				CLANG_WARN_UNGUARDED_AVAILABILITY = YES_AGGRESSIVE;
				CLANG_WARN_UNREACHABLE_CODE = YES;
				CLANG_WARN__DUPLICATE_METHOD_MATCH = YES;
				COPY_PHASE_STRIP = NO;
				DEBUG_INFORMATION_FORMAT = dwarf;
				ENABLE_STRICT_OBJC_MSGSEND = YES;
				ENABLE_TESTABILITY = YES;
				GCC_C_LANGUAGE_STANDARD = gnu11;
				GCC_DYNAMIC_NO_PIC = NO;
				GCC_NO_COMMON_BLOCKS = YES;
				GCC_OPTIMIZATION_LEVEL = 0;
				GCC_PREPROCESSOR_DEFINITIONS = (
					"DEBUG=1",
					"$(inherited)",
				);
				GCC_WARN_64_TO_32_BIT_CONVERSION = YES;
				GCC_WARN_ABOUT_RETURN_TYPE = YES_ERROR;
				GCC_WARN_UNDECLARED_SELECTOR = YES;
				GCC_WARN_UNINITIALIZED_AUTOS = YES_AGGRESSIVE;
				GCC_WARN_UNUSED_FUNCTION = YES;
				GCC_WARN_UNUSED_VARIABLE = YES;
				IPHONEOS_DEPLOYMENT_TARGET = 14.1;
				MTL_ENABLE_DEBUG_INFO = INCLUDE_SOURCE;
				MTL_FAST_MATH = YES;
				ONLY_ACTIVE_ARCH = YES;
				SDKROOT = iphoneos;
				SWIFT_ACTIVE_COMPILATION_CONDITIONS = DEBUG;
				SWIFT_OPTIMIZATION_LEVEL = "-Onone";
			};
			name = Debug;
		};
		7A2E7E3B255C5ADC0095EC1A /* Release */ = {
			isa = XCBuildConfiguration;
			buildSettings = {
				ALWAYS_SEARCH_USER_PATHS = NO;
				CLANG_ANALYZER_NONNULL = YES;
				CLANG_ANALYZER_NUMBER_OBJECT_CONVERSION = YES_AGGRESSIVE;
				CLANG_CXX_LANGUAGE_STANDARD = "gnu++14";
				CLANG_CXX_LIBRARY = "libc++";
				CLANG_ENABLE_MODULES = YES;
				CLANG_ENABLE_OBJC_ARC = YES;
				CLANG_ENABLE_OBJC_WEAK = YES;
				CLANG_WARN_BLOCK_CAPTURE_AUTORELEASING = YES;
				CLANG_WARN_BOOL_CONVERSION = YES;
				CLANG_WARN_COMMA = YES;
				CLANG_WARN_CONSTANT_CONVERSION = YES;
				CLANG_WARN_DEPRECATED_OBJC_IMPLEMENTATIONS = YES;
				CLANG_WARN_DIRECT_OBJC_ISA_USAGE = YES_ERROR;
				CLANG_WARN_DOCUMENTATION_COMMENTS = YES;
				CLANG_WARN_EMPTY_BODY = YES;
				CLANG_WARN_ENUM_CONVERSION = YES;
				CLANG_WARN_INFINITE_RECURSION = YES;
				CLANG_WARN_INT_CONVERSION = YES;
				CLANG_WARN_NON_LITERAL_NULL_CONVERSION = YES;
				CLANG_WARN_OBJC_IMPLICIT_RETAIN_SELF = YES;
				CLANG_WARN_OBJC_LITERAL_CONVERSION = YES;
				CLANG_WARN_OBJC_ROOT_CLASS = YES_ERROR;
				CLANG_WARN_QUOTED_INCLUDE_IN_FRAMEWORK_HEADER = YES;
				CLANG_WARN_RANGE_LOOP_ANALYSIS = YES;
				CLANG_WARN_STRICT_PROTOTYPES = YES;
				CLANG_WARN_SUSPICIOUS_MOVE = YES;
				CLANG_WARN_UNGUARDED_AVAILABILITY = YES_AGGRESSIVE;
				CLANG_WARN_UNREACHABLE_CODE = YES;
				CLANG_WARN__DUPLICATE_METHOD_MATCH = YES;
				COPY_PHASE_STRIP = NO;
				DEBUG_INFORMATION_FORMAT = "dwarf-with-dsym";
				ENABLE_NS_ASSERTIONS = NO;
				ENABLE_STRICT_OBJC_MSGSEND = YES;
				GCC_C_LANGUAGE_STANDARD = gnu11;
				GCC_NO_COMMON_BLOCKS = YES;
				GCC_WARN_64_TO_32_BIT_CONVERSION = YES;
				GCC_WARN_ABOUT_RETURN_TYPE = YES_ERROR;
				GCC_WARN_UNDECLARED_SELECTOR = YES;
				GCC_WARN_UNINITIALIZED_AUTOS = YES_AGGRESSIVE;
				GCC_WARN_UNUSED_FUNCTION = YES;
				GCC_WARN_UNUSED_VARIABLE = YES;
				IPHONEOS_DEPLOYMENT_TARGET = 14.1;
				MTL_ENABLE_DEBUG_INFO = NO;
				MTL_FAST_MATH = YES;
				SDKROOT = iphoneos;
				SWIFT_COMPILATION_MODE = wholemodule;
				SWIFT_OPTIMIZATION_LEVEL = "-O";
				VALIDATE_PRODUCT = YES;
			};
			name = Release;
		};
		7A2E7E3D255C5ADC0095EC1A /* Debug */ = {
			isa = XCBuildConfiguration;
			buildSettings = {
				ASSETCATALOG_COMPILER_APPICON_NAME = AppIcon;
				ASSETCATALOG_COMPILER_GLOBAL_ACCENT_COLOR_NAME = AccentColor;
				CODE_SIGN_STYLE = Automatic;
				DEVELOPMENT_TEAM = PPT8LS6UXM;
				INFOPLIST_FILE = GasMoney/Info.plist;
				LD_RUNPATH_SEARCH_PATHS = (
					"$(inherited)",
					"@executable_path/Frameworks",
				);
				PRODUCT_BUNDLE_IDENTIFIER = CircleKCoders.GasMoney;
				PRODUCT_NAME = "$(TARGET_NAME)";
				SWIFT_VERSION = 5.0;
				TARGETED_DEVICE_FAMILY = "1,2";
			};
			name = Debug;
		};
		7A2E7E3E255C5ADC0095EC1A /* Release */ = {
			isa = XCBuildConfiguration;
			buildSettings = {
				ASSETCATALOG_COMPILER_APPICON_NAME = AppIcon;
				ASSETCATALOG_COMPILER_GLOBAL_ACCENT_COLOR_NAME = AccentColor;
				CODE_SIGN_STYLE = Automatic;
				DEVELOPMENT_TEAM = PPT8LS6UXM;
				INFOPLIST_FILE = GasMoney/Info.plist;
				LD_RUNPATH_SEARCH_PATHS = (
					"$(inherited)",
					"@executable_path/Frameworks",
				);
				PRODUCT_BUNDLE_IDENTIFIER = CircleKCoders.GasMoney;
				PRODUCT_NAME = "$(TARGET_NAME)";
				SWIFT_VERSION = 5.0;
				TARGETED_DEVICE_FAMILY = "1,2";
			};
			name = Release;
		};
/* End XCBuildConfiguration section */

/* Begin XCConfigurationList section */
		7A2E7E23255C5AD70095EC1A /* Build configuration list for PBXProject "GasMoney" */ = {
			isa = XCConfigurationList;
			buildConfigurations = (
				7A2E7E3A255C5ADC0095EC1A /* Debug */,
				7A2E7E3B255C5ADC0095EC1A /* Release */,
			);
			defaultConfigurationIsVisible = 0;
			defaultConfigurationName = Release;
		};
		7A2E7E3C255C5ADC0095EC1A /* Build configuration list for PBXNativeTarget "GasMoney" */ = {
			isa = XCConfigurationList;
			buildConfigurations = (
				7A2E7E3D255C5ADC0095EC1A /* Debug */,
				7A2E7E3E255C5ADC0095EC1A /* Release */,
			);
			defaultConfigurationIsVisible = 0;
			defaultConfigurationName = Release;
		};
/* End XCConfigurationList section */
	};
	rootObject = 7A2E7E20255C5AD70095EC1A /* Project object */;
}
